
Microsoft Visual Studio Solution File, Format Version 12.00
# Visual Studio Version 17
VisualStudioVersion = 17.1.32210.238
MinimumVisualStudioVersion = 10.0.40219.1
Project("{FAE04EC0-301F-11D3-BF4B-00C04F79EFBC}") = "LightsControlSystemFiveLED", "LightsControlSystemFiveLED\LightsControlSystemFiveLED.csproj", "{C1E3B93F-E28E-44C3-9611-98A399D25CD8}"
EndProject
Global
	GlobalSection(SolutionConfigurationPlatforms) = preSolution
		Debug|Any CPU = Debug|Any CPU
		Release|Any CPU = Release|Any CPU
	EndGlobalSection
	GlobalSection(ProjectConfigurationPlatforms) = postSolution
		{C1E3B93F-E28E-44C3-9611-98A399D25CD8}.Debug|Any CPU.ActiveCfg = Debug|Any CPU
		{C1E3B93F-E28E-44C3-9611-98A399D25CD8}.Debug|Any CPU.Build.0 = Debug|Any CPU
		{C1E3B93F-E28E-44C3-9611-98A399D25CD8}.Release|Any CPU.ActiveCfg = Release|Any CPU
		{C1E3B93F-E28E-44C3-9611-98A399D25CD8}.Release|Any CPU.Build.0 = Release|Any CPU
	EndGlobalSection
	GlobalSection(SolutionProperties) = preSolution
		HideSolutionNode = FALSE
	EndGlobalSection
	GlobalSection(ExtensibilityGlobals) = postSolution
		SolutionGuid = {613AB71E-1BB7-47D7-A9B6-3232E234F5C2}
	EndGlobalSection
EndGlobal
